
Microsoft Visual Studio Solution File, Format Version 12.00
Project("{FAE04EC0-301F-11D3-BF4B-00C04F79EFBC}") = "Budgeteer.Application", "Budgeteer.Application\Budgeteer.Application.csproj", "{F5927874-CE7C-43D2-99B2-7596C5D62E12}"
EndProject
Project("{FAE04EC0-301F-11D3-BF4B-00C04F79EFBC}") = "Budgeteer.Web", "Budgeteer.Web\Budgeteer.Web.csproj", "{FF2EC4A9-87D6-4C9B-BAF6-902D5CE37A98}"
EndProject
Project("{FAE04EC0-301F-11D3-BF4B-00C04F79EFBC}") = "Budgeteer.Api", "Budgeteer.Api\Budgeteer.Api.csproj", "{DC7C9574-E18C-43AB-A905-E0E48D0D004F}"
EndProject
Global
	GlobalSection(SolutionConfigurationPlatforms) = preSolution
		Debug|Any CPU = Debug|Any CPU
		Release|Any CPU = Release|Any CPU
	EndGlobalSection
	GlobalSection(ProjectConfigurationPlatforms) = postSolution
		{F5927874-CE7C-43D2-99B2-7596C5D62E12}.Debug|Any CPU.ActiveCfg = Debug|Any CPU
		{F5927874-CE7C-43D2-99B2-7596C5D62E12}.Debug|Any CPU.Build.0 = Debug|Any CPU
		{F5927874-CE7C-43D2-99B2-7596C5D62E12}.Release|Any CPU.ActiveCfg = Release|Any CPU
		{F5927874-CE7C-43D2-99B2-7596C5D62E12}.Release|Any CPU.Build.0 = Release|Any CPU
		{FF2EC4A9-87D6-4C9B-BAF6-902D5CE37A98}.Debug|Any CPU.ActiveCfg = Debug|Any CPU
		{FF2EC4A9-87D6-4C9B-BAF6-902D5CE37A98}.Debug|Any CPU.Build.0 = Debug|Any CPU
		{FF2EC4A9-87D6-4C9B-BAF6-902D5CE37A98}.Release|Any CPU.ActiveCfg = Release|Any CPU
		{FF2EC4A9-87D6-4C9B-BAF6-902D5CE37A98}.Release|Any CPU.Build.0 = Release|Any CPU
		{DC7C9574-E18C-43AB-A905-E0E48D0D004F}.Debug|Any CPU.ActiveCfg = Debug|Any CPU
		{DC7C9574-E18C-43AB-A905-E0E48D0D004F}.Debug|Any CPU.Build.0 = Debug|Any CPU
		{DC7C9574-E18C-43AB-A905-E0E48D0D004F}.Release|Any CPU.ActiveCfg = Release|Any CPU
		{DC7C9574-E18C-43AB-A905-E0E48D0D004F}.Release|Any CPU.Build.0 = Release|Any CPU
	EndGlobalSection
	GlobalSection(NestedProjects) = preSolution
	EndGlobalSection
EndGlobal
